
Microsoft Visual Studio Solution File, Format Version 12.00
# Visual Studio Version 17
VisualStudioVersion = 17.3.32922.545
MinimumVisualStudioVersion = 10.0.40219.1
Project("{FAE04EC0-301F-11D3-BF4B-00C04F79EFBC}") = "convert_to_png", "convert_to_png\convert_to_png.csproj", "{807004F7-9971-4898-B162-6355855B738A}"
EndProject
Global
	GlobalSection(SolutionConfigurationPlatforms) = preSolution
		Debug|Any CPU = Debug|Any CPU
		Release|Any CPU = Release|Any CPU
	EndGlobalSection
	GlobalSection(ProjectConfigurationPlatforms) = postSolution
		{807004F7-9971-4898-B162-6355855B738A}.Debug|Any CPU.ActiveCfg = Debug|Any CPU
		{807004F7-9971-4898-B162-6355855B738A}.Debug|Any CPU.Build.0 = Debug|Any CPU
		{807004F7-9971-4898-B162-6355855B738A}.Release|Any CPU.ActiveCfg = Release|Any CPU
		{807004F7-9971-4898-B162-6355855B738A}.Release|Any CPU.Build.0 = Release|Any CPU
	EndGlobalSection
	GlobalSection(SolutionProperties) = preSolution
		HideSolutionNode = FALSE
	EndGlobalSection
	GlobalSection(ExtensibilityGlobals) = postSolution
		SolutionGuid = {355B6171-5DC8-4E82-B004-ADE346CA3B8A}
	EndGlobalSection
EndGlobal
